
Microsoft Visual Studio Solution File, Format Version 12.00
# Visual Studio Version 17
VisualStudioVersion = 17.3.32929.385
MinimumVisualStudioVersion = 10.0.40219.1
Project("{FAE04EC0-301F-11D3-BF4B-00C04F79EFBC}") = "Arrays Mission 3", "Arrays Mission 3.csproj", "{450F6863-548B-4894-9B7F-3E3ED1A291CF}"
EndProject
Global
	GlobalSection(SolutionConfigurationPlatforms) = preSolution
		Debug|Any CPU = Debug|Any CPU
		Release|Any CPU = Release|Any CPU
	EndGlobalSection
	GlobalSection(ProjectConfigurationPlatforms) = postSolution
		{450F6863-548B-4894-9B7F-3E3ED1A291CF}.Debug|Any CPU.ActiveCfg = Debug|Any CPU
		{450F6863-548B-4894-9B7F-3E3ED1A291CF}.Debug|Any CPU.Build.0 = Debug|Any CPU
		{450F6863-548B-4894-9B7F-3E3ED1A291CF}.Release|Any CPU.ActiveCfg = Release|Any CPU
		{450F6863-548B-4894-9B7F-3E3ED1A291CF}.Release|Any CPU.Build.0 = Release|Any CPU
	EndGlobalSection
	GlobalSection(SolutionProperties) = preSolution
		HideSolutionNode = FALSE
	EndGlobalSection
	GlobalSection(ExtensibilityGlobals) = postSolution
		SolutionGuid = {266A3B6E-D326-4C72-8FF2-C9DBCA571937}
	EndGlobalSection
EndGlobal
