
Microsoft Visual Studio Solution File, Format Version 12.00
# Visual Studio Version 17
VisualStudioVersion = 17.3.32929.385
MinimumVisualStudioVersion = 10.0.40219.1
Project("{FAE04EC0-301F-11D3-BF4B-00C04F79EFBC}") = "Algorithm Design 7 Bonus Mission", "Algorithm Design 7 Bonus Mission.csproj", "{A5292963-0525-4A94-905D-DC2C261F73D9}"
EndProject
Global
	GlobalSection(SolutionConfigurationPlatforms) = preSolution
		Debug|Any CPU = Debug|Any CPU
		Release|Any CPU = Release|Any CPU
	EndGlobalSection
	GlobalSection(ProjectConfigurationPlatforms) = postSolution
		{A5292963-0525-4A94-905D-DC2C261F73D9}.Debug|Any CPU.ActiveCfg = Debug|Any CPU
		{A5292963-0525-4A94-905D-DC2C261F73D9}.Debug|Any CPU.Build.0 = Debug|Any CPU
		{A5292963-0525-4A94-905D-DC2C261F73D9}.Release|Any CPU.ActiveCfg = Release|Any CPU
		{A5292963-0525-4A94-905D-DC2C261F73D9}.Release|Any CPU.Build.0 = Release|Any CPU
	EndGlobalSection
	GlobalSection(SolutionProperties) = preSolution
		HideSolutionNode = FALSE
	EndGlobalSection
	GlobalSection(ExtensibilityGlobals) = postSolution
		SolutionGuid = {C3FD535B-93DB-4201-889F-E61F1F0304B9}
	EndGlobalSection
EndGlobal
