
Microsoft Visual Studio Solution File, Format Version 12.00
# Visual Studio Version 17
VisualStudioVersion = 17.3.32929.385
MinimumVisualStudioVersion = 10.0.40219.1
Project("{FAE04EC0-301F-11D3-BF4B-00C04F79EFBC}") = "Algorith Design 7 Mission 2", "Algorith Design 7 Mission 2.csproj", "{55C8C3EF-FD15-4E10-9984-4984FA0F642A}"
EndProject
Global
	GlobalSection(SolutionConfigurationPlatforms) = preSolution
		Debug|Any CPU = Debug|Any CPU
		Release|Any CPU = Release|Any CPU
	EndGlobalSection
	GlobalSection(ProjectConfigurationPlatforms) = postSolution
		{55C8C3EF-FD15-4E10-9984-4984FA0F642A}.Debug|Any CPU.ActiveCfg = Debug|Any CPU
		{55C8C3EF-FD15-4E10-9984-4984FA0F642A}.Debug|Any CPU.Build.0 = Debug|Any CPU
		{55C8C3EF-FD15-4E10-9984-4984FA0F642A}.Release|Any CPU.ActiveCfg = Release|Any CPU
		{55C8C3EF-FD15-4E10-9984-4984FA0F642A}.Release|Any CPU.Build.0 = Release|Any CPU
	EndGlobalSection
	GlobalSection(SolutionProperties) = preSolution
		HideSolutionNode = FALSE
	EndGlobalSection
	GlobalSection(ExtensibilityGlobals) = postSolution
		SolutionGuid = {B37F537D-435A-409B-9FDE-058C63BFD87D}
	EndGlobalSection
EndGlobal
