
Microsoft Visual Studio Solution File, Format Version 12.00
# Visual Studio Version 17
VisualStudioVersion = 17.3.32929.385
MinimumVisualStudioVersion = 10.0.40219.1
Project("{FAE04EC0-301F-11D3-BF4B-00C04F79EFBC}") = "Action-Adventure 1", "Action-Adventure 1.csproj", "{A018CB58-78D4-40A8-9167-A88C1BCAF69F}"
EndProject
Global
	GlobalSection(SolutionConfigurationPlatforms) = preSolution
		Debug|Any CPU = Debug|Any CPU
		Release|Any CPU = Release|Any CPU
	EndGlobalSection
	GlobalSection(ProjectConfigurationPlatforms) = postSolution
		{A018CB58-78D4-40A8-9167-A88C1BCAF69F}.Debug|Any CPU.ActiveCfg = Debug|Any CPU
		{A018CB58-78D4-40A8-9167-A88C1BCAF69F}.Debug|Any CPU.Build.0 = Debug|Any CPU
		{A018CB58-78D4-40A8-9167-A88C1BCAF69F}.Release|Any CPU.ActiveCfg = Release|Any CPU
		{A018CB58-78D4-40A8-9167-A88C1BCAF69F}.Release|Any CPU.Build.0 = Release|Any CPU
	EndGlobalSection
	GlobalSection(SolutionProperties) = preSolution
		HideSolutionNode = FALSE
	EndGlobalSection
	GlobalSection(ExtensibilityGlobals) = postSolution
		SolutionGuid = {806D3CB7-E826-42AB-AA55-1C17920F5A86}
	EndGlobalSection
EndGlobal
