
Microsoft Visual Studio Solution File, Format Version 12.00
# Visual Studio Version 17
VisualStudioVersion = 17.2.32630.192
MinimumVisualStudioVersion = 10.0.40219.1
Project("{FAE04EC0-301F-11D3-BF4B-00C04F79EFBC}") = "Bowling Pins", "Bowling Pins\Bowling Pins.csproj", "{A7AEAC89-D1AD-4389-BB03-740CE323DB12}"
EndProject
Global
	GlobalSection(SolutionConfigurationPlatforms) = preSolution
		Debug|Any CPU = Debug|Any CPU
		Release|Any CPU = Release|Any CPU
	EndGlobalSection
	GlobalSection(ProjectConfigurationPlatforms) = postSolution
		{A7AEAC89-D1AD-4389-BB03-740CE323DB12}.Debug|Any CPU.ActiveCfg = Debug|Any CPU
		{A7AEAC89-D1AD-4389-BB03-740CE323DB12}.Debug|Any CPU.Build.0 = Debug|Any CPU
		{A7AEAC89-D1AD-4389-BB03-740CE323DB12}.Release|Any CPU.ActiveCfg = Release|Any CPU
		{A7AEAC89-D1AD-4389-BB03-740CE323DB12}.Release|Any CPU.Build.0 = Release|Any CPU
	EndGlobalSection
	GlobalSection(SolutionProperties) = preSolution
		HideSolutionNode = FALSE
	EndGlobalSection
	GlobalSection(ExtensibilityGlobals) = postSolution
		SolutionGuid = {1FD33EAF-1E74-4CBF-922D-C973EA2BDC56}
	EndGlobalSection
EndGlobal
