
Microsoft Visual Studio Solution File, Format Version 12.00
# Visual Studio Version 17
VisualStudioVersion = 17.2.32630.192
MinimumVisualStudioVersion = 10.0.40219.1
Project("{FAE04EC0-301F-11D3-BF4B-00C04F79EFBC}") = "SLIMES", "SLIMES\SLIMES.csproj", "{1264B86F-05AF-4236-A7C1-71EF9D2F8316}"
EndProject
Global
	GlobalSection(SolutionConfigurationPlatforms) = preSolution
		Debug|Any CPU = Debug|Any CPU
		Release|Any CPU = Release|Any CPU
	EndGlobalSection
	GlobalSection(ProjectConfigurationPlatforms) = postSolution
		{1264B86F-05AF-4236-A7C1-71EF9D2F8316}.Debug|Any CPU.ActiveCfg = Debug|Any CPU
		{1264B86F-05AF-4236-A7C1-71EF9D2F8316}.Debug|Any CPU.Build.0 = Debug|Any CPU
		{1264B86F-05AF-4236-A7C1-71EF9D2F8316}.Release|Any CPU.ActiveCfg = Release|Any CPU
		{1264B86F-05AF-4236-A7C1-71EF9D2F8316}.Release|Any CPU.Build.0 = Release|Any CPU
	EndGlobalSection
	GlobalSection(SolutionProperties) = preSolution
		HideSolutionNode = FALSE
	EndGlobalSection
	GlobalSection(ExtensibilityGlobals) = postSolution
		SolutionGuid = {4BA9F4BA-95DC-4D69-B506-9A8BE309D044}
	EndGlobalSection
EndGlobal
