
Microsoft Visual Studio Solution File, Format Version 12.00
# Visual Studio Version 17
VisualStudioVersion = 17.2.32630.192
MinimumVisualStudioVersion = 10.0.40219.1
Project("{FAE04EC0-301F-11D3-BF4B-00C04F79EFBC}") = "Algorithm Design Unit 6 Anton", "Algorithm Design Unit 6 Anton.csproj", "{EF92D9BE-5F8F-4C18-8CA8-54B7FF726330}"
EndProject
Global
	GlobalSection(SolutionConfigurationPlatforms) = preSolution
		Debug|Any CPU = Debug|Any CPU
		Release|Any CPU = Release|Any CPU
	EndGlobalSection
	GlobalSection(ProjectConfigurationPlatforms) = postSolution
		{EF92D9BE-5F8F-4C18-8CA8-54B7FF726330}.Debug|Any CPU.ActiveCfg = Debug|Any CPU
		{EF92D9BE-5F8F-4C18-8CA8-54B7FF726330}.Debug|Any CPU.Build.0 = Debug|Any CPU
		{EF92D9BE-5F8F-4C18-8CA8-54B7FF726330}.Release|Any CPU.ActiveCfg = Release|Any CPU
		{EF92D9BE-5F8F-4C18-8CA8-54B7FF726330}.Release|Any CPU.Build.0 = Release|Any CPU
	EndGlobalSection
	GlobalSection(SolutionProperties) = preSolution
		HideSolutionNode = FALSE
	EndGlobalSection
	GlobalSection(ExtensibilityGlobals) = postSolution
		SolutionGuid = {2B85E166-66F9-4527-927C-86B7A9D70B55}
	EndGlobalSection
EndGlobal
