
Microsoft Visual Studio Solution File, Format Version 12.00
# Visual Studio Version 17
VisualStudioVersion = 17.3.32929.385
MinimumVisualStudioVersion = 10.0.40219.1
Project("{FAE04EC0-301F-11D3-BF4B-00C04F79EFBC}") = "Algorithm Design 3", "Algorithm Design 3.csproj", "{144D9835-628E-4B15-9CC8-81ED2010F3C6}"
EndProject
Global
	GlobalSection(SolutionConfigurationPlatforms) = preSolution
		Debug|Any CPU = Debug|Any CPU
		Release|Any CPU = Release|Any CPU
	EndGlobalSection
	GlobalSection(ProjectConfigurationPlatforms) = postSolution
		{144D9835-628E-4B15-9CC8-81ED2010F3C6}.Debug|Any CPU.ActiveCfg = Debug|Any CPU
		{144D9835-628E-4B15-9CC8-81ED2010F3C6}.Debug|Any CPU.Build.0 = Debug|Any CPU
		{144D9835-628E-4B15-9CC8-81ED2010F3C6}.Release|Any CPU.ActiveCfg = Release|Any CPU
		{144D9835-628E-4B15-9CC8-81ED2010F3C6}.Release|Any CPU.Build.0 = Release|Any CPU
	EndGlobalSection
	GlobalSection(SolutionProperties) = preSolution
		HideSolutionNode = FALSE
	EndGlobalSection
	GlobalSection(ExtensibilityGlobals) = postSolution
		SolutionGuid = {9BD72794-10BA-4D92-B804-AAC887AE5908}
	EndGlobalSection
EndGlobal
