
Microsoft Visual Studio Solution File, Format Version 12.00
# Visual Studio Version 17
VisualStudioVersion = 17.2.32630.192
MinimumVisualStudioVersion = 10.0.40219.1
Project("{FAE04EC0-301F-11D3-BF4B-00C04F79EFBC}") = "Algorithm Design Unit 7 Mission 1", "Algorithm Design Unit 7 Mission 1.csproj", "{5318EE6B-A412-4408-9444-EB1F187C0A83}"
EndProject
Global
	GlobalSection(SolutionConfigurationPlatforms) = preSolution
		Debug|Any CPU = Debug|Any CPU
		Release|Any CPU = Release|Any CPU
	EndGlobalSection
	GlobalSection(ProjectConfigurationPlatforms) = postSolution
		{5318EE6B-A412-4408-9444-EB1F187C0A83}.Debug|Any CPU.ActiveCfg = Debug|Any CPU
		{5318EE6B-A412-4408-9444-EB1F187C0A83}.Debug|Any CPU.Build.0 = Debug|Any CPU
		{5318EE6B-A412-4408-9444-EB1F187C0A83}.Release|Any CPU.ActiveCfg = Release|Any CPU
		{5318EE6B-A412-4408-9444-EB1F187C0A83}.Release|Any CPU.Build.0 = Release|Any CPU
	EndGlobalSection
	GlobalSection(SolutionProperties) = preSolution
		HideSolutionNode = FALSE
	EndGlobalSection
	GlobalSection(ExtensibilityGlobals) = postSolution
		SolutionGuid = {E4C807FC-FDB2-4F90-9006-7DD0A6DA7F9C}
	EndGlobalSection
EndGlobal
