
Microsoft Visual Studio Solution File, Format Version 12.00
# Visual Studio Version 17
VisualStudioVersion = 17.2.32630.192
MinimumVisualStudioVersion = 10.0.40219.1
Project("{FAE04EC0-301F-11D3-BF4B-00C04F79EFBC}") = "Classes", "Classes.csproj", "{AE7B6258-F5BC-480C-ABD7-C192E163A504}"
EndProject
Global
	GlobalSection(SolutionConfigurationPlatforms) = preSolution
		Debug|Any CPU = Debug|Any CPU
		Release|Any CPU = Release|Any CPU
	EndGlobalSection
	GlobalSection(ProjectConfigurationPlatforms) = postSolution
		{AE7B6258-F5BC-480C-ABD7-C192E163A504}.Debug|Any CPU.ActiveCfg = Debug|Any CPU
		{AE7B6258-F5BC-480C-ABD7-C192E163A504}.Debug|Any CPU.Build.0 = Debug|Any CPU
		{AE7B6258-F5BC-480C-ABD7-C192E163A504}.Release|Any CPU.ActiveCfg = Release|Any CPU
		{AE7B6258-F5BC-480C-ABD7-C192E163A504}.Release|Any CPU.Build.0 = Release|Any CPU
	EndGlobalSection
	GlobalSection(SolutionProperties) = preSolution
		HideSolutionNode = FALSE
	EndGlobalSection
	GlobalSection(ExtensibilityGlobals) = postSolution
		SolutionGuid = {B23BA1E5-CD1B-472A-8379-E3D8169C5486}
	EndGlobalSection
EndGlobal
