
Microsoft Visual Studio Solution File, Format Version 12.00
# Visual Studio Version 17
VisualStudioVersion = 17.3.32929.385
MinimumVisualStudioVersion = 10.0.40219.1
Project("{FAE04EC0-301F-11D3-BF4B-00C04F79EFBC}") = "Algorithm Design 2", "Algorithm Design 2.csproj", "{3D3E93CF-C45B-4D78-A5A1-680DBE934D94}"
EndProject
Global
	GlobalSection(SolutionConfigurationPlatforms) = preSolution
		Debug|Any CPU = Debug|Any CPU
		Release|Any CPU = Release|Any CPU
	EndGlobalSection
	GlobalSection(ProjectConfigurationPlatforms) = postSolution
		{3D3E93CF-C45B-4D78-A5A1-680DBE934D94}.Debug|Any CPU.ActiveCfg = Debug|Any CPU
		{3D3E93CF-C45B-4D78-A5A1-680DBE934D94}.Debug|Any CPU.Build.0 = Debug|Any CPU
		{3D3E93CF-C45B-4D78-A5A1-680DBE934D94}.Release|Any CPU.ActiveCfg = Release|Any CPU
		{3D3E93CF-C45B-4D78-A5A1-680DBE934D94}.Release|Any CPU.Build.0 = Release|Any CPU
	EndGlobalSection
	GlobalSection(SolutionProperties) = preSolution
		HideSolutionNode = FALSE
	EndGlobalSection
	GlobalSection(ExtensibilityGlobals) = postSolution
		SolutionGuid = {F537616C-7731-43B8-BD81-851A8BB83942}
	EndGlobalSection
EndGlobal
