
Microsoft Visual Studio Solution File, Format Version 12.00
# Visual Studio Version 17
VisualStudioVersion = 17.3.32929.385
MinimumVisualStudioVersion = 10.0.40219.1
Project("{FAE04EC0-301F-11D3-BF4B-00C04F79EFBC}") = "Algorith Design 1", "Algorith Design 1.csproj", "{899BFC62-3D4A-401B-90F8-DA5CD6F4F2FC}"
EndProject
Global
	GlobalSection(SolutionConfigurationPlatforms) = preSolution
		Debug|Any CPU = Debug|Any CPU
		Release|Any CPU = Release|Any CPU
	EndGlobalSection
	GlobalSection(ProjectConfigurationPlatforms) = postSolution
		{899BFC62-3D4A-401B-90F8-DA5CD6F4F2FC}.Debug|Any CPU.ActiveCfg = Debug|Any CPU
		{899BFC62-3D4A-401B-90F8-DA5CD6F4F2FC}.Debug|Any CPU.Build.0 = Debug|Any CPU
		{899BFC62-3D4A-401B-90F8-DA5CD6F4F2FC}.Release|Any CPU.ActiveCfg = Release|Any CPU
		{899BFC62-3D4A-401B-90F8-DA5CD6F4F2FC}.Release|Any CPU.Build.0 = Release|Any CPU
	EndGlobalSection
	GlobalSection(SolutionProperties) = preSolution
		HideSolutionNode = FALSE
	EndGlobalSection
	GlobalSection(ExtensibilityGlobals) = postSolution
		SolutionGuid = {7244F97A-B0B3-464F-8130-55943F9B3C76}
	EndGlobalSection
EndGlobal
