
Microsoft Visual Studio Solution File, Format Version 12.00
# Visual Studio Version 17
VisualStudioVersion = 17.2.32630.192
MinimumVisualStudioVersion = 10.0.40219.1
Project("{FAE04EC0-301F-11D3-BF4B-00C04F79EFBC}") = "TimeSpan Testing", "TimeSpan Testing.csproj", "{CFDE1492-90E1-4AAE-B6A3-F6C162C14177}"
EndProject
Global
	GlobalSection(SolutionConfigurationPlatforms) = preSolution
		Debug|Any CPU = Debug|Any CPU
		Release|Any CPU = Release|Any CPU
	EndGlobalSection
	GlobalSection(ProjectConfigurationPlatforms) = postSolution
		{CFDE1492-90E1-4AAE-B6A3-F6C162C14177}.Debug|Any CPU.ActiveCfg = Debug|Any CPU
		{CFDE1492-90E1-4AAE-B6A3-F6C162C14177}.Debug|Any CPU.Build.0 = Debug|Any CPU
		{CFDE1492-90E1-4AAE-B6A3-F6C162C14177}.Release|Any CPU.ActiveCfg = Release|Any CPU
		{CFDE1492-90E1-4AAE-B6A3-F6C162C14177}.Release|Any CPU.Build.0 = Release|Any CPU
	EndGlobalSection
	GlobalSection(SolutionProperties) = preSolution
		HideSolutionNode = FALSE
	EndGlobalSection
	GlobalSection(ExtensibilityGlobals) = postSolution
		SolutionGuid = {D706CBFA-19DF-4B3E-B127-19ABBB060D47}
	EndGlobalSection
EndGlobal
