
Microsoft Visual Studio Solution File, Format Version 12.00
# Visual Studio Version 17
VisualStudioVersion = 17.2.32630.192
MinimumVisualStudioVersion = 10.0.40219.1
Project("{FAE04EC0-301F-11D3-BF4B-00C04F79EFBC}") = "Algorithm Design Unit 7 Mission 3 Anton", "Algorithm Design Unit 7 Mission 3 Anton.csproj", "{CF57CFEE-52F3-49CF-AC7C-76197508BA02}"
EndProject
Global
	GlobalSection(SolutionConfigurationPlatforms) = preSolution
		Debug|Any CPU = Debug|Any CPU
		Release|Any CPU = Release|Any CPU
	EndGlobalSection
	GlobalSection(ProjectConfigurationPlatforms) = postSolution
		{CF57CFEE-52F3-49CF-AC7C-76197508BA02}.Debug|Any CPU.ActiveCfg = Debug|Any CPU
		{CF57CFEE-52F3-49CF-AC7C-76197508BA02}.Debug|Any CPU.Build.0 = Debug|Any CPU
		{CF57CFEE-52F3-49CF-AC7C-76197508BA02}.Release|Any CPU.ActiveCfg = Release|Any CPU
		{CF57CFEE-52F3-49CF-AC7C-76197508BA02}.Release|Any CPU.Build.0 = Release|Any CPU
	EndGlobalSection
	GlobalSection(SolutionProperties) = preSolution
		HideSolutionNode = FALSE
	EndGlobalSection
	GlobalSection(ExtensibilityGlobals) = postSolution
		SolutionGuid = {A9745ACF-258E-4DCD-8FFC-5EC4BB5E44B2}
	EndGlobalSection
EndGlobal
